<?xml version="1.0" encoding="UTF-8"?>
<Solution>
	<Configurations>
		<BuildType Name="Debug"/>
		<BuildType Name="Release"/>
		<BuildType Name="MinSizeRel"/>
		<BuildType Name="RelWithDebInfo"/>
		<Platform Name="x64"/>
	</Configurations>
	<Folder Name="/CMakePredefinedTargets/">
		<Project Path="ALL_BUILD.vcxproj" Type="8bc9ceb8-8b4a-11d0-8d11-00a0c91bc942" Id="26527250-fd5d-347b-ab0b-69d771b0cc9c" DefaultStartup="true">
			<BuildDependency Project="ZERO_CHECK.vcxproj"/>
			<BuildDependency Project="tests/allocator.vcxproj"/>
			<BuildDependency Project="examples/boing.vcxproj"/>
			<BuildDependency Project="tests/clipboard.vcxproj"/>
			<BuildDependency Project="tests/cursor.vcxproj"/>
			<BuildDependency Project="tests/empty.vcxproj"/>
			<BuildDependency Project="tests/events.vcxproj"/>
			<BuildDependency Project="tests/gamma.vcxproj"/>
			<BuildDependency Project="examples/gears.vcxproj"/>
			<BuildDependency Project="src/glfw.vcxproj"/>
			<BuildDependency Project="tests/glfwinfo.vcxproj"/>
			<BuildDependency Project="examples/heightmap.vcxproj"/>
			<BuildDependency Project="tests/icon.vcxproj"/>
			<BuildDependency Project="tests/iconify.vcxproj"/>
			<BuildDependency Project="tests/inputlag.vcxproj"/>
			<BuildDependency Project="tests/joysticks.vcxproj"/>
			<BuildDependency Project="tests/monitors.vcxproj"/>
			<BuildDependency Project="tests/msaa.vcxproj"/>
			<BuildDependency Project="examples/offscreen.vcxproj"/>
			<BuildDependency Project="examples/particles.vcxproj"/>
			<BuildDependency Project="tests/reopen.vcxproj"/>
			<BuildDependency Project="examples/sharing.vcxproj"/>
			<BuildDependency Project="examples/splitview.vcxproj"/>
			<BuildDependency Project="tests/tearing.vcxproj"/>
			<BuildDependency Project="tests/threads.vcxproj"/>
			<BuildDependency Project="tests/timeout.vcxproj"/>
			<BuildDependency Project="tests/title.vcxproj"/>
			<BuildDependency Project="examples/triangle-opengl.vcxproj"/>
			<BuildDependency Project="examples/triangle-opengles.vcxproj"/>
			<BuildDependency Project="tests/triangle-vulkan.vcxproj"/>
			<BuildDependency Project="examples/wave.vcxproj"/>
			<BuildDependency Project="tests/window.vcxproj"/>
			<BuildDependency Project="examples/windows.vcxproj"/>
		</Project>
		<Project Path="INSTALL.vcxproj" Type="8bc9ceb8-8b4a-11d0-8d11-00a0c91bc942" Id="95780d4d-9c7d-330f-a878-a91b3043c0b5">
			<BuildDependency Project="ALL_BUILD.vcxproj"/>
			<BuildDependency Project="ZERO_CHECK.vcxproj"/>
			<Build Solution="Debug|*" Project="false"/>
			<Build Solution="Release|*" Project="false"/>
			<Build Solution="MinSizeRel|*" Project="false"/>
			<Build Solution="RelWithDebInfo|*" Project="false"/>
		</Project>
		<Project Path="ZERO_CHECK.vcxproj" Type="8bc9ceb8-8b4a-11d0-8d11-00a0c91bc942" Id="1d01dfe5-4c40-3059-9603-35bcff4a8ce8"/>
	</Folder>
	<Folder Name="/GLFW3/">
		<Project Path="src/glfw.vcxproj" Type="8bc9ceb8-8b4a-11d0-8d11-00a0c91bc942" Id="5b344403-78f6-3471-b739-c682bc6a1d95">
			<BuildDependency Project="ZERO_CHECK.vcxproj"/>
		</Project>
		<Project Path="uninstall.vcxproj" Type="8bc9ceb8-8b4a-11d0-8d11-00a0c91bc942" Id="07001ec2-6e0a-3429-9712-da7879745cdf">
			<BuildDependency Project="ZERO_CHECK.vcxproj"/>
			<Build Solution="Debug|*" Project="false"/>
			<Build Solution="Release|*" Project="false"/>
			<Build Solution="MinSizeRel|*" Project="false"/>
			<Build Solution="RelWithDebInfo|*" Project="false"/>
		</Project>
		<Project Path="src/update_mappings.vcxproj" Type="8bc9ceb8-8b4a-11d0-8d11-00a0c91bc942" Id="c3e117b3-c0a4-3810-9e0d-ad6c384b817c">
			<BuildDependency Project="ZERO_CHECK.vcxproj"/>
			<Build Solution="Debug|*" Project="false"/>
			<Build Solution="Release|*" Project="false"/>
			<Build Solution="MinSizeRel|*" Project="false"/>
			<Build Solution="RelWithDebInfo|*" Project="false"/>
		</Project>
	</Folder>
	<Folder Name="/GLFW3/Examples/">
		<Project Path="examples/boing.vcxproj" Type="8bc9ceb8-8b4a-11d0-8d11-00a0c91bc942" Id="9cee12f5-86ff-3e4c-821b-e65a2123fccf">
			<BuildDependency Project="ZERO_CHECK.vcxproj"/>
			<BuildDependency Project="src/glfw.vcxproj"/>
		</Project>
		<Project Path="examples/gears.vcxproj" Type="8bc9ceb8-8b4a-11d0-8d11-00a0c91bc942" Id="ac53b04d-1741-30aa-95a1-2bf17f959b82">
			<BuildDependency Project="ZERO_CHECK.vcxproj"/>
			<BuildDependency Project="src/glfw.vcxproj"/>
		</Project>
		<Project Path="examples/heightmap.vcxproj" Type="8bc9ceb8-8b4a-11d0-8d11-00a0c91bc942" Id="d472b85c-1866-3f45-883e-18e487e7aed1">
			<BuildDependency Project="ZERO_CHECK.vcxproj"/>
			<BuildDependency Project="src/glfw.vcxproj"/>
		</Project>
		<Project Path="examples/offscreen.vcxproj" Type="8bc9ceb8-8b4a-11d0-8d11-00a0c91bc942" Id="e50e08bd-712b-31e7-8a7d-bd176c1cd46e">
			<BuildDependency Project="ZERO_CHECK.vcxproj"/>
			<BuildDependency Project="src/glfw.vcxproj"/>
		</Project>
		<Project Path="examples/particles.vcxproj" Type="8bc9ceb8-8b4a-11d0-8d11-00a0c91bc942" Id="c180d67c-2dfa-305a-9d99-39a21ccdd46a">
			<BuildDependency Project="ZERO_CHECK.vcxproj"/>
			<BuildDependency Project="src/glfw.vcxproj"/>
		</Project>
		<Project Path="examples/sharing.vcxproj" Type="8bc9ceb8-8b4a-11d0-8d11-00a0c91bc942" Id="56b8293b-1aa1-3a56-af95-9c95392cd5cf">
			<BuildDependency Project="ZERO_CHECK.vcxproj"/>
			<BuildDependency Project="src/glfw.vcxproj"/>
		</Project>
		<Project Path="examples/splitview.vcxproj" Type="8bc9ceb8-8b4a-11d0-8d11-00a0c91bc942" Id="e92a4df1-72b2-37b6-97a4-ed092a872758">
			<BuildDependency Project="ZERO_CHECK.vcxproj"/>
			<BuildDependency Project="src/glfw.vcxproj"/>
		</Project>
		<Project Path="examples/triangle-opengl.vcxproj" Type="8bc9ceb8-8b4a-11d0-8d11-00a0c91bc942" Id="2f40124e-d2db-3a4c-aeae-e359d818e25e">
			<BuildDependency Project="ZERO_CHECK.vcxproj"/>
			<BuildDependency Project="src/glfw.vcxproj"/>
		</Project>
		<Project Path="examples/triangle-opengles.vcxproj" Type="8bc9ceb8-8b4a-11d0-8d11-00a0c91bc942" Id="8e73f5ba-2669-34fe-acdd-35e7f6f5ab87">
			<BuildDependency Project="ZERO_CHECK.vcxproj"/>
			<BuildDependency Project="src/glfw.vcxproj"/>
		</Project>
		<Project Path="examples/wave.vcxproj" Type="8bc9ceb8-8b4a-11d0-8d11-00a0c91bc942" Id="512770aa-df5d-3f73-b4fa-d65b8b75ab65">
			<BuildDependency Project="ZERO_CHECK.vcxproj"/>
			<BuildDependency Project="src/glfw.vcxproj"/>
		</Project>
		<Project Path="examples/windows.vcxproj" Type="8bc9ceb8-8b4a-11d0-8d11-00a0c91bc942" Id="2cb2be54-23e4-34e9-a3fe-6658e2529a97">
			<BuildDependency Project="ZERO_CHECK.vcxproj"/>
			<BuildDependency Project="src/glfw.vcxproj"/>
		</Project>
	</Folder>
	<Folder Name="/GLFW3/Tests/">
		<Project Path="tests/allocator.vcxproj" Type="8bc9ceb8-8b4a-11d0-8d11-00a0c91bc942" Id="48120053-164e-388a-a810-efc218ef15d2">
			<BuildDependency Project="ZERO_CHECK.vcxproj"/>
			<BuildDependency Project="src/glfw.vcxproj"/>
		</Project>
		<Project Path="tests/clipboard.vcxproj" Type="8bc9ceb8-8b4a-11d0-8d11-00a0c91bc942" Id="c7743577-63c3-3100-ba4f-0bb7375c2ead">
			<BuildDependency Project="ZERO_CHECK.vcxproj"/>
			<BuildDependency Project="src/glfw.vcxproj"/>
		</Project>
		<Project Path="tests/cursor.vcxproj" Type="8bc9ceb8-8b4a-11d0-8d11-00a0c91bc942" Id="483958d0-5d30-3150-834a-47961ed51687">
			<BuildDependency Project="ZERO_CHECK.vcxproj"/>
			<BuildDependency Project="src/glfw.vcxproj"/>
		</Project>
		<Project Path="tests/empty.vcxproj" Type="8bc9ceb8-8b4a-11d0-8d11-00a0c91bc942" Id="4c4f50cc-873a-378e-93a6-3e5765307edb">
			<BuildDependency Project="ZERO_CHECK.vcxproj"/>
			<BuildDependency Project="src/glfw.vcxproj"/>
		</Project>
		<Project Path="tests/events.vcxproj" Type="8bc9ceb8-8b4a-11d0-8d11-00a0c91bc942" Id="34debeae-6b4e-3dc5-a22b-ef7b53f069e2">
			<BuildDependency Project="ZERO_CHECK.vcxproj"/>
			<BuildDependency Project="src/glfw.vcxproj"/>
		</Project>
		<Project Path="tests/gamma.vcxproj" Type="8bc9ceb8-8b4a-11d0-8d11-00a0c91bc942" Id="5ab01d5f-ae79-3b08-a9a4-fad2e44134f8">
			<BuildDependency Project="ZERO_CHECK.vcxproj"/>
			<BuildDependency Project="src/glfw.vcxproj"/>
		</Project>
		<Project Path="tests/glfwinfo.vcxproj" Type="8bc9ceb8-8b4a-11d0-8d11-00a0c91bc942" Id="220ab2f0-87d6-30a4-91d6-e5987fc330a4">
			<BuildDependency Project="ZERO_CHECK.vcxproj"/>
			<BuildDependency Project="src/glfw.vcxproj"/>
		</Project>
		<Project Path="tests/icon.vcxproj" Type="8bc9ceb8-8b4a-11d0-8d11-00a0c91bc942" Id="13d00496-b9c9-3d5c-ac2d-505287f7244f">
			<BuildDependency Project="ZERO_CHECK.vcxproj"/>
			<BuildDependency Project="src/glfw.vcxproj"/>
		</Project>
		<Project Path="tests/iconify.vcxproj" Type="8bc9ceb8-8b4a-11d0-8d11-00a0c91bc942" Id="34f33cab-6dd8-36d8-9cec-3bfcfad83461">
			<BuildDependency Project="ZERO_CHECK.vcxproj"/>
			<BuildDependency Project="src/glfw.vcxproj"/>
		</Project>
		<Project Path="tests/inputlag.vcxproj" Type="8bc9ceb8-8b4a-11d0-8d11-00a0c91bc942" Id="502f54c7-6f2e-3f7f-be27-58fc972a335b">
			<BuildDependency Project="ZERO_CHECK.vcxproj"/>
			<BuildDependency Project="src/glfw.vcxproj"/>
		</Project>
		<Project Path="tests/joysticks.vcxproj" Type="8bc9ceb8-8b4a-11d0-8d11-00a0c91bc942" Id="cf6d6388-09c8-3033-baae-9ea8e9f02aff">
			<BuildDependency Project="ZERO_CHECK.vcxproj"/>
			<BuildDependency Project="src/glfw.vcxproj"/>
		</Project>
		<Project Path="tests/monitors.vcxproj" Type="8bc9ceb8-8b4a-11d0-8d11-00a0c91bc942" Id="29ce089c-1e93-32fe-991c-788f641f53d6">
			<BuildDependency Project="ZERO_CHECK.vcxproj"/>
			<BuildDependency Project="src/glfw.vcxproj"/>
		</Project>
		<Project Path="tests/msaa.vcxproj" Type="8bc9ceb8-8b4a-11d0-8d11-00a0c91bc942" Id="3b2a8034-6a09-33e9-9412-ca68ec9ec2cd">
			<BuildDependency Project="ZERO_CHECK.vcxproj"/>
			<BuildDependency Project="src/glfw.vcxproj"/>
		</Project>
		<Project Path="tests/reopen.vcxproj" Type="8bc9ceb8-8b4a-11d0-8d11-00a0c91bc942" Id="f0b0a98f-f8fc-3bd6-bfcb-fc7826c8bc3d">
			<BuildDependency Project="ZERO_CHECK.vcxproj"/>
			<BuildDependency Project="src/glfw.vcxproj"/>
		</Project>
		<Project Path="tests/tearing.vcxproj" Type="8bc9ceb8-8b4a-11d0-8d11-00a0c91bc942" Id="49832efc-23e6-339b-a53f-72e184bd611e">
			<BuildDependency Project="ZERO_CHECK.vcxproj"/>
			<BuildDependency Project="src/glfw.vcxproj"/>
		</Project>
		<Project Path="tests/threads.vcxproj" Type="8bc9ceb8-8b4a-11d0-8d11-00a0c91bc942" Id="ea6d5ca4-0f8b-3621-9551-b3996a5fcfaa">
			<BuildDependency Project="ZERO_CHECK.vcxproj"/>
			<BuildDependency Project="src/glfw.vcxproj"/>
		</Project>
		<Project Path="tests/timeout.vcxproj" Type="8bc9ceb8-8b4a-11d0-8d11-00a0c91bc942" Id="e2005200-125f-3db4-a541-325e64666d12">
			<BuildDependency Project="ZERO_CHECK.vcxproj"/>
			<BuildDependency Project="src/glfw.vcxproj"/>
		</Project>
		<Project Path="tests/title.vcxproj" Type="8bc9ceb8-8b4a-11d0-8d11-00a0c91bc942" Id="9aec2af6-30c9-357a-9f0c-f3b4650cccd4">
			<BuildDependency Project="ZERO_CHECK.vcxproj"/>
			<BuildDependency Project="src/glfw.vcxproj"/>
		</Project>
		<Project Path="tests/triangle-vulkan.vcxproj" Type="8bc9ceb8-8b4a-11d0-8d11-00a0c91bc942" Id="331b2846-8401-3052-bb2f-a0615c9edfda">
			<BuildDependency Project="ZERO_CHECK.vcxproj"/>
			<BuildDependency Project="src/glfw.vcxproj"/>
		</Project>
		<Project Path="tests/window.vcxproj" Type="8bc9ceb8-8b4a-11d0-8d11-00a0c91bc942" Id="4dab1897-0431-3a98-b5bd-256630aa80eb">
			<BuildDependency Project="ZERO_CHECK.vcxproj"/>
			<BuildDependency Project="src/glfw.vcxproj"/>
		</Project>
	</Folder>
</Solution>
