<?xml version="1.0" encoding="utf-8"?>
<Project ToolsVersion="18.0" xmlns="http://schemas.microsoft.com/developer/msbuild/2003">
  <ItemGroup>
    <ClCompile Include="C:\Users\Gio\Documents\GitHub\Original\CGA2026_3\Libs\glfw\tests\gamma.c">
      <Filter>Source Files</Filter>
    </ClCompile>
  </ItemGroup>
  <ItemGroup>
    <ClInclude Include="C:\Users\Gio\Documents\GitHub\Original\CGA2026_3\Libs\glfw\deps\glad\gl.h">
      <Filter>Header Files</Filter>
    </ClInclude>
  </ItemGroup>
  <ItemGroup>
    <CustomBuild Include="C:\Users\Gio\Documents\GitHub\Original\CGA2026_3\Libs\glfw\tests\CMakeLists.txt" />
  </ItemGroup>
  <ItemGroup>
    <Filter Include="Header Files">
      <UniqueIdentifier>{030A12F3-45F6-3A6E-BE00-2A0DCC97BFB8}</UniqueIdentifier>
    </Filter>
    <Filter Include="Source Files">
      <UniqueIdentifier>{F43B75CA-3332-32B4-A1F8-0B2EA0381B40}</UniqueIdentifier>
    </Filter>
  </ItemGroup>
</Project>
